
Microsoft Visual Studio Solution File, Format Version 12.00
# Visual Studio Version 16
VisualStudioVersion = 16.0.30503.244
MinimumVisualStudioVersion = 10.0.40219.1
Project("{FAE04EC0-301F-11D3-BF4B-00C04F79EFBC}") = "RoboDex (Capstone)", "RoboDex (Capstone)\RoboDex (Capstone).csproj", "{B1C7C506-7021-4362-8B06-82794BFDEEB5}"
EndProject
Global
	GlobalSection(SolutionConfigurationPlatforms) = preSolution
		Debug|Any CPU = Debug|Any CPU
		Release|Any CPU = Release|Any CPU
	EndGlobalSection
	GlobalSection(ProjectConfigurationPlatforms) = postSolution
		{B1C7C506-7021-4362-8B06-82794BFDEEB5}.Debug|Any CPU.ActiveCfg = Debug|Any CPU
		{B1C7C506-7021-4362-8B06-82794BFDEEB5}.Debug|Any CPU.Build.0 = Debug|Any CPU
		{B1C7C506-7021-4362-8B06-82794BFDEEB5}.Release|Any CPU.ActiveCfg = Release|Any CPU
		{B1C7C506-7021-4362-8B06-82794BFDEEB5}.Release|Any CPU.Build.0 = Release|Any CPU
	EndGlobalSection
	GlobalSection(SolutionProperties) = preSolution
		HideSolutionNode = FALSE
	EndGlobalSection
	GlobalSection(ExtensibilityGlobals) = postSolution
		SolutionGuid = {1F1D4A2E-8E56-4B51-B671-DAE067686C82}
	EndGlobalSection
EndGlobal
